// !$*UTF8*$!
{
	archiveVersion = 1;
	classes = {
	};
	objectVersion = 51;
	objects = {

/* Begin PBXBuildFile section */
		31612DA525BBCACD0048E0C4 /* AppDelegate.swift in Sources */ = {isa = PBXBuildFile; fileRef = 31612DA425BBCACD0048E0C4 /* AppDelegate.swift */; };
		31612DA925BBCACD0048E0C4 /* ViewController.swift in Sources */ = {isa = PBXBuildFile; fileRef = 31612DA825BBCACD0048E0C4 /* ViewController.swift */; };
		31612DAE25BBCACD0048E0C4 /* Assets.xcassets in Resources */ = {isa = PBXBuildFile; fileRef = 31612DAD25BBCACD0048E0C4 /* Assets.xcassets */; };
		31612DB125BBCACD0048E0C4 /* LaunchScreen.storyboard in Resources */ = {isa = PBXBuildFile; fileRef = 31612DAF25BBCACD0048E0C4 /* LaunchScreen.storyboard */; };
		5982D03D3E943C8ECDFB6ACF /* Pods_YSVendorProject.framework in Frameworks */ = {isa = PBXBuildFile; fileRef = 5899D40A006B8863516F3608 /* Pods_YSVendorProject.framework */; };
/* End PBXBuildFile section */

/* Begin PBXFileReference section */
		31612DA125BBCACC0048E0C4 /* YSVendorProject.app */ = {isa = PBXFileReference; explicitFileType = wrapper.application; includeInIndex = 0; path = YSVendorProject.app; sourceTree = BUILT_PRODUCTS_DIR; };
		31612DA425BBCACD0048E0C4 /* AppDelegate.swift */ = {isa = PBXFileReference; lastKnownFileType = sourcecode.swift; path = AppDelegate.swift; sourceTree = "<group>"; };
		31612DA825BBCACD0048E0C4 /* ViewController.swift */ = {isa = PBXFileReference; lastKnownFileType = sourcecode.swift; path = ViewController.swift; sourceTree = "<group>"; };
		31612DAD25BBCACD0048E0C4 /* Assets.xcassets */ = {isa = PBXFileReference; lastKnownFileType = folder.assetcatalog; path = Assets.xcassets; sourceTree = "<group>"; };
		31612DB025BBCACD0048E0C4 /* Base */ = {isa = PBXFileReference; lastKnownFileType = file.storyboard; name = Base; path = Base.lproj/LaunchScreen.storyboard; sourceTree = "<group>"; };
		31612DB225BBCACD0048E0C4 /* Info.plist */ = {isa = PBXFileReference; lastKnownFileType = text.plist.xml; path = Info.plist; sourceTree = "<group>"; };
		31612DBF25BBCB2B0048E0C4 /* YSVendorProject-Bridging-Header.h */ = {isa = PBXFileReference; lastKnownFileType = sourcecode.c.h; path = "YSVendorProject-Bridging-Header.h"; sourceTree = "<group>"; };
		5899D40A006B8863516F3608 /* Pods_YSVendorProject.framework */ = {isa = PBXFileReference; explicitFileType = wrapper.framework; includeInIndex = 0; path = Pods_YSVendorProject.framework; sourceTree = BUILT_PRODUCTS_DIR; };
		B44E55DFD01F8B8BF2743725 /* Pods-YSVendorProject.debug.xcconfig */ = {isa = PBXFileReference; includeInIndex = 1; lastKnownFileType = text.xcconfig; name = "Pods-YSVendorProject.debug.xcconfig"; path = "Target Support Files/Pods-YSVendorProject/Pods-YSVendorProject.debug.xcconfig"; sourceTree = "<group>"; };
		C8BA14BAF0CAAEF9046BA8C4 /* Pods-YSVendorProject.release.xcconfig */ = {isa = PBXFileReference; includeInIndex = 1; lastKnownFileType = text.xcconfig; name = "Pods-YSVendorProject.release.xcconfig"; path = "Target Support Files/Pods-YSVendorProject/Pods-YSVendorProject.release.xcconfig"; sourceTree = "<group>"; };
/* End PBXFileReference section */

/* Begin PBXFrameworksBuildPhase section */
		31612D9E25BBCACC0048E0C4 /* Frameworks */ = {
			isa = PBXFrameworksBuildPhase;
			buildActionMask = 2147483647;
			files = (
				5982D03D3E943C8ECDFB6ACF /* Pods_YSVendorProject.framework in Frameworks */,
			);
			runOnlyForDeploymentPostprocessing = 0;
		};
/* End PBXFrameworksBuildPhase section */

/* Begin PBXGroup section */
		13EF65DA625712C0E46AA95E /* Pods */ = {
			isa = PBXGroup;
			children = (
				B44E55DFD01F8B8BF2743725 /* Pods-YSVendorProject.debug.xcconfig */,
				C8BA14BAF0CAAEF9046BA8C4 /* Pods-YSVendorProject.release.xcconfig */,
			);
			path = Pods;
			sourceTree = "<group>";
		};
		31612D9825BBCACC0048E0C4 = {
			isa = PBXGroup;
			children = (
				E498069792E6D4AC5A7079C8 /* Frameworks */,
				13EF65DA625712C0E46AA95E /* Pods */,
				31612DA225BBCACC0048E0C4 /* Products */,
				31612DA325BBCACC0048E0C4 /* YSVendorProject */,
			);
			sourceTree = "<group>";
		};
		31612DA225BBCACC0048E0C4 /* Products */ = {
			isa = PBXGroup;
			children = (
				31612DA125BBCACC0048E0C4 /* YSVendorProject.app */,
			);
			name = Products;
			sourceTree = "<group>";
		};
		31612DA325BBCACC0048E0C4 /* YSVendorProject */ = {
			isa = PBXGroup;
			children = (
				31612DBD25BBCB100048E0C4 /* AppDelegate */,
				31612DBE25BBCB170048E0C4 /* Class */,
				31612DBB25BBCAFF0048E0C4 /* SupportFiles */,
			);
			path = YSVendorProject;
			sourceTree = "<group>";
		};
		31612DBB25BBCAFF0048E0C4 /* SupportFiles */ = {
			isa = PBXGroup;
			children = (
				31612DAD25BBCACD0048E0C4 /* Assets.xcassets */,
				31612DB225BBCACD0048E0C4 /* Info.plist */,
				31612DAF25BBCACD0048E0C4 /* LaunchScreen.storyboard */,
				31612DBF25BBCB2B0048E0C4 /* YSVendorProject-Bridging-Header.h */,
			);
			name = SupportFiles;
			sourceTree = "<group>";
		};
		31612DBD25BBCB100048E0C4 /* AppDelegate */ = {
			isa = PBXGroup;
			children = (
				31612DA425BBCACD0048E0C4 /* AppDelegate.swift */,
			);
			name = AppDelegate;
			sourceTree = "<group>";
		};
		31612DBE25BBCB170048E0C4 /* Class */ = {
			isa = PBXGroup;
			children = (
				31612DA825BBCACD0048E0C4 /* ViewController.swift */,
			);
			path = Class;
			sourceTree = "<group>";
		};
		E498069792E6D4AC5A7079C8 /* Frameworks */ = {
			isa = PBXGroup;
			children = (
				5899D40A006B8863516F3608 /* Pods_YSVendorProject.framework */,
			);
			name = Frameworks;
			sourceTree = "<group>";
		};
/* End PBXGroup section */

/* Begin PBXNativeTarget section */
		31612DA025BBCACC0048E0C4 /* YSVendorProject */ = {
			isa = PBXNativeTarget;
			buildConfigurationList = 31612DB525BBCACD0048E0C4 /* Build configuration list for PBXNativeTarget "YSVendorProject" */;
			buildPhases = (
				2546E523EE5D4E6FB6908A35 /* [CP] Check Pods Manifest.lock */,
				31612D9D25BBCACC0048E0C4 /* Sources */,
				31612D9E25BBCACC0048E0C4 /* Frameworks */,
				31612D9F25BBCACC0048E0C4 /* Resources */,
				7D367848E9DC734DA8D3494E /* [CP] Embed Pods Frameworks */,
			);
			buildRules = (
			);
			dependencies = (
			);
			name = YSVendorProject;
			productName = YSVendorProject;
			productReference = 31612DA125BBCACC0048E0C4 /* YSVendorProject.app */;
			productType = "com.apple.product-type.application";
		};
/* End PBXNativeTarget section */

/* Begin PBXProject section */
		31612D9925BBCACC0048E0C4 /* Project object */ = {
			isa = PBXProject;
			attributes = {
				LastSwiftUpdateCheck = 1230;
				LastUpgradeCheck = 1230;
				TargetAttributes = {
					31612DA025BBCACC0048E0C4 = {
						CreatedOnToolsVersion = 12.3;
						LastSwiftMigration = 1230;
					};
				};
			};
			buildConfigurationList = 31612D9C25BBCACC0048E0C4 /* Build configuration list for PBXProject "YSVendorProject" */;
			compatibilityVersion = "Xcode 9.3";
			developmentRegion = en;
			hasScannedForEncodings = 0;
			knownRegions = (
				en,
				Base,
			);
			mainGroup = 31612D9825BBCACC0048E0C4;
			productRefGroup = 31612DA225BBCACC0048E0C4 /* Products */;
			projectDirPath = "";
			projectRoot = "";
			targets = (
				31612DA025BBCACC0048E0C4 /* YSVendorProject */,
			);
		};
/* End PBXProject section */

/* Begin PBXResourcesBuildPhase section */
		31612D9F25BBCACC0048E0C4 /* Resources */ = {
			isa = PBXResourcesBuildPhase;
			buildActionMask = 2147483647;
			files = (
				31612DB125BBCACD0048E0C4 /* LaunchScreen.storyboard in Resources */,
				31612DAE25BBCACD0048E0C4 /* Assets.xcassets in Resources */,
			);
			runOnlyForDeploymentPostprocessing = 0;
		};
/* End PBXResourcesBuildPhase section */

/* Begin PBXShellScriptBuildPhase section */
		2546E523EE5D4E6FB6908A35 /* [CP] Check Pods Manifest.lock */ = {
			isa = PBXShellScriptBuildPhase;
			buildActionMask = 2147483647;
			files = (
			);
			inputFileListPaths = (
			);
			inputPaths = (
				"${PODS_PODFILE_DIR_PATH}/Podfile.lock",
				"${PODS_ROOT}/Manifest.lock",
			);
			name = "[CP] Check Pods Manifest.lock";
			outputFileListPaths = (
			);
			outputPaths = (
				"$(DERIVED_FILE_DIR)/Pods-YSVendorProject-checkManifestLockResult.txt",
			);
			runOnlyForDeploymentPostprocessing = 0;
			shellPath = /bin/sh;
			shellScript = "diff \"${PODS_PODFILE_DIR_PATH}/Podfile.lock\" \"${PODS_ROOT}/Manifest.lock\" > /dev/null\nif [ $? != 0 ] ; then\n    # print error to STDERR\n    echo \"error: The sandbox is not in sync with the Podfile.lock. Run 'pod install' or update your CocoaPods installation.\" >&2\n    exit 1\nfi\n# This output is used by Xcode 'outputs' to avoid re-running this script phase.\necho \"SUCCESS\" > \"${SCRIPT_OUTPUT_FILE_0}\"\n";
			showEnvVarsInLog = 0;
		};
		7D367848E9DC734DA8D3494E /* [CP] Embed Pods Frameworks */ = {
			isa = PBXShellScriptBuildPhase;
			buildActionMask = 2147483647;
			files = (
			);
			inputFileListPaths = (
				"${PODS_ROOT}/Target Support Files/Pods-YSVendorProject/Pods-YSVendorProject-frameworks-${CONFIGURATION}-input-files.xcfilelist",
			);
			name = "[CP] Embed Pods Frameworks";
			outputFileListPaths = (
				"${PODS_ROOT}/Target Support Files/Pods-YSVendorProject/Pods-YSVendorProject-frameworks-${CONFIGURATION}-output-files.xcfilelist",
			);
			runOnlyForDeploymentPostprocessing = 0;
			shellPath = /bin/sh;
			shellScript = "\"${PODS_ROOT}/Target Support Files/Pods-YSVendorProject/Pods-YSVendorProject-frameworks.sh\"\n";
			showEnvVarsInLog = 0;
		};
/* End PBXShellScriptBuildPhase section */

/* Begin PBXSourcesBuildPhase section */
		31612D9D25BBCACC0048E0C4 /* Sources */ = {
			isa = PBXSourcesBuildPhase;
			buildActionMask = 2147483647;
			files = (
				31612DA925BBCACD0048E0C4 /* ViewController.swift in Sources */,
				31612DA525BBCACD0048E0C4 /* AppDelegate.swift in Sources */,
			);
			runOnlyForDeploymentPostprocessing = 0;
		};
/* End PBXSourcesBuildPhase section */

/* Begin PBXVariantGroup section */
		31612DAF25BBCACD0048E0C4 /* LaunchScreen.storyboard */ = {
			isa = PBXVariantGroup;
			children = (
				31612DB025BBCACD0048E0C4 /* Base */,
			);
			name = LaunchScreen.storyboard;
			sourceTree = "<group>";
		};
/* End PBXVariantGroup section */

/* Begin XCBuildConfiguration section */
		31612DB325BBCACD0048E0C4 /* Debug */ = {
			isa = XCBuildConfiguration;
			buildSettings = {
				ALWAYS_SEARCH_USER_PATHS = NO;
				CLANG_ANALYZER_NONNULL = YES;
				CLANG_ANALYZER_NUMBER_OBJECT_CONVERSION = YES_AGGRESSIVE;
				CLANG_CXX_LANGUAGE_STANDARD = "gnu++14";
				CLANG_CXX_LIBRARY = "libc++";
				CLANG_ENABLE_MODULES = YES;
				CLANG_ENABLE_OBJC_ARC = YES;
				CLANG_ENABLE_OBJC_WEAK = YES;
				CLANG_WARN_BLOCK_CAPTURE_AUTORELEASING = YES;
				CLANG_WARN_BOOL_CONVERSION = YES;
				CLANG_WARN_COMMA = YES;
				CLANG_WARN_CONSTANT_CONVERSION = YES;
				CLANG_WARN_DEPRECATED_OBJC_IMPLEMENTATIONS = YES;
				CLANG_WARN_DIRECT_OBJC_ISA_USAGE = YES_ERROR;
				CLANG_WARN_DOCUMENTATION_COMMENTS = YES;
				CLANG_WARN_EMPTY_BODY = YES;
				CLANG_WARN_ENUM_CONVERSION = YES;
				CLANG_WARN_INFINITE_RECURSION = YES;
				CLANG_WARN_INT_CONVERSION = YES;
				CLANG_WARN_NON_LITERAL_NULL_CONVERSION = YES;
				CLANG_WARN_OBJC_IMPLICIT_RETAIN_SELF = YES;
				CLANG_WARN_OBJC_LITERAL_CONVERSION = YES;
				CLANG_WARN_OBJC_ROOT_CLASS = YES_ERROR;
				CLANG_WARN_QUOTED_INCLUDE_IN_FRAMEWORK_HEADER = YES;
				CLANG_WARN_RANGE_LOOP_ANALYSIS = YES;
				CLANG_WARN_STRICT_PROTOTYPES = YES;
				CLANG_WARN_SUSPICIOUS_MOVE = YES;
				CLANG_WARN_UNGUARDED_AVAILABILITY = YES_AGGRESSIVE;
				CLANG_WARN_UNREACHABLE_CODE = YES;
				CLANG_WARN__DUPLICATE_METHOD_MATCH = YES;
				COPY_PHASE_STRIP = NO;
				DEBUG_INFORMATION_FORMAT = dwarf;
				ENABLE_STRICT_OBJC_MSGSEND = YES;
				ENABLE_TESTABILITY = YES;
				GCC_C_LANGUAGE_STANDARD = gnu11;
				GCC_DYNAMIC_NO_PIC = NO;
				GCC_NO_COMMON_BLOCKS = YES;
				GCC_OPTIMIZATION_LEVEL = 0;
				GCC_PREPROCESSOR_DEFINITIONS = (
					"DEBUG=1",
					"$(inherited)",
				);
				GCC_WARN_64_TO_32_BIT_CONVERSION = YES;
				GCC_WARN_ABOUT_RETURN_TYPE = YES_ERROR;
				GCC_WARN_UNDECLARED_SELECTOR = YES;
				GCC_WARN_UNINITIALIZED_AUTOS = YES_AGGRESSIVE;
				GCC_WARN_UNUSED_FUNCTION = YES;
				GCC_WARN_UNUSED_VARIABLE = YES;
				IPHONEOS_DEPLOYMENT_TARGET = 10.0;
				MTL_ENABLE_DEBUG_INFO = INCLUDE_SOURCE;
				MTL_FAST_MATH = YES;
				ONLY_ACTIVE_ARCH = YES;
				SDKROOT = iphoneos;
				SWIFT_ACTIVE_COMPILATION_CONDITIONS = DEBUG;
				SWIFT_OPTIMIZATION_LEVEL = "-Onone";
			};
			name = Debug;
		};
		31612DB425BBCACD0048E0C4 /* Release */ = {
			isa = XCBuildConfiguration;
			buildSettings = {
				ALWAYS_SEARCH_USER_PATHS = NO;
				CLANG_ANALYZER_NONNULL = YES;
				CLANG_ANALYZER_NUMBER_OBJECT_CONVERSION = YES_AGGRESSIVE;
				CLANG_CXX_LANGUAGE_STANDARD = "gnu++14";
				CLANG_CXX_LIBRARY = "libc++";
				CLANG_ENABLE_MODULES = YES;
				CLANG_ENABLE_OBJC_ARC = YES;
				CLANG_ENABLE_OBJC_WEAK = YES;
				CLANG_WARN_BLOCK_CAPTURE_AUTORELEASING = YES;
				CLANG_WARN_BOOL_CONVERSION = YES;
				CLANG_WARN_COMMA = YES;
				CLANG_WARN_CONSTANT_CONVERSION = YES;
				CLANG_WARN_DEPRECATED_OBJC_IMPLEMENTATIONS = YES;
				CLANG_WARN_DIRECT_OBJC_ISA_USAGE = YES_ERROR;
				CLANG_WARN_DOCUMENTATION_COMMENTS = YES;
				CLANG_WARN_EMPTY_BODY = YES;
				CLANG_WARN_ENUM_CONVERSION = YES;
				CLANG_WARN_INFINITE_RECURSION = YES;
				CLANG_WARN_INT_CONVERSION = YES;
				CLANG_WARN_NON_LITERAL_NULL_CONVERSION = YES;
				CLANG_WARN_OBJC_IMPLICIT_RETAIN_SELF = YES;
				CLANG_WARN_OBJC_LITERAL_CONVERSION = YES;
				CLANG_WARN_OBJC_ROOT_CLASS = YES_ERROR;
				CLANG_WARN_QUOTED_INCLUDE_IN_FRAMEWORK_HEADER = YES;
				CLANG_WARN_RANGE_LOOP_ANALYSIS = YES;
				CLANG_WARN_STRICT_PROTOTYPES = YES;
				CLANG_WARN_SUSPICIOUS_MOVE = YES;
				CLANG_WARN_UNGUARDED_AVAILABILITY = YES_AGGRESSIVE;
				CLANG_WARN_UNREACHABLE_CODE = YES;
				CLANG_WARN__DUPLICATE_METHOD_MATCH = YES;
				COPY_PHASE_STRIP = NO;
				DEBUG_INFORMATION_FORMAT = "dwarf-with-dsym";
				ENABLE_NS_ASSERTIONS = NO;
				ENABLE_STRICT_OBJC_MSGSEND = YES;
				GCC_C_LANGUAGE_STANDARD = gnu11;
				GCC_NO_COMMON_BLOCKS = YES;
				GCC_WARN_64_TO_32_BIT_CONVERSION = YES;
				GCC_WARN_ABOUT_RETURN_TYPE = YES_ERROR;
				GCC_WARN_UNDECLARED_SELECTOR = YES;
				GCC_WARN_UNINITIALIZED_AUTOS = YES_AGGRESSIVE;
				GCC_WARN_UNUSED_FUNCTION = YES;
				GCC_WARN_UNUSED_VARIABLE = YES;
				IPHONEOS_DEPLOYMENT_TARGET = 10.0;
				MTL_ENABLE_DEBUG_INFO = NO;
				MTL_FAST_MATH = YES;
				SDKROOT = iphoneos;
				SWIFT_COMPILATION_MODE = wholemodule;
				SWIFT_OPTIMIZATION_LEVEL = "-O";
				VALIDATE_PRODUCT = YES;
			};
			name = Release;
		};
		31612DB625BBCACD0048E0C4 /* Debug */ = {
			isa = XCBuildConfiguration;
			baseConfigurationReference = B44E55DFD01F8B8BF2743725 /* Pods-YSVendorProject.debug.xcconfig */;
			buildSettings = {
				ASSETCATALOG_COMPILER_APPICON_NAME = AppIcon;
				ASSETCATALOG_COMPILER_GLOBAL_ACCENT_COLOR_NAME = AccentColor;
				CLANG_ENABLE_MODULES = YES;
				CODE_SIGN_STYLE = Automatic;
				DEVELOPMENT_TEAM = AS43JR7V78;
				INFOPLIST_FILE = YSVendorProject/Info.plist;
				LD_RUNPATH_SEARCH_PATHS = (
					"$(inherited)",
					"@executable_path/Frameworks",
				);
				PRODUCT_BUNDLE_IDENTIFIER = cn.orangelab.ysvendor;
				PRODUCT_NAME = "$(TARGET_NAME)";
				SWIFT_OBJC_BRIDGING_HEADER = "YSVendorProject/YSVendorProject-Bridging-Header.h";
				SWIFT_OPTIMIZATION_LEVEL = "-Onone";
				SWIFT_VERSION = 5.0;
				TARGETED_DEVICE_FAMILY = 1;
			};
			name = Debug;
		};
		31612DB725BBCACD0048E0C4 /* Release */ = {
			isa = XCBuildConfiguration;
			baseConfigurationReference = C8BA14BAF0CAAEF9046BA8C4 /* Pods-YSVendorProject.release.xcconfig */;
			buildSettings = {
				ASSETCATALOG_COMPILER_APPICON_NAME = AppIcon;
				ASSETCATALOG_COMPILER_GLOBAL_ACCENT_COLOR_NAME = AccentColor;
				CLANG_ENABLE_MODULES = YES;
				CODE_SIGN_STYLE = Automatic;
				DEVELOPMENT_TEAM = AS43JR7V78;
				INFOPLIST_FILE = YSVendorProject/Info.plist;
				LD_RUNPATH_SEARCH_PATHS = (
					"$(inherited)",
					"@executable_path/Frameworks",
				);
				PRODUCT_BUNDLE_IDENTIFIER = cn.orangelab.ysvendor;
				PRODUCT_NAME = "$(TARGET_NAME)";
				SWIFT_OBJC_BRIDGING_HEADER = "YSVendorProject/YSVendorProject-Bridging-Header.h";
				SWIFT_VERSION = 5.0;
				TARGETED_DEVICE_FAMILY = 1;
			};
			name = Release;
		};
/* End XCBuildConfiguration section */

/* Begin XCConfigurationList section */
		31612D9C25BBCACC0048E0C4 /* Build configuration list for PBXProject "YSVendorProject" */ = {
			isa = XCConfigurationList;
			buildConfigurations = (
				31612DB325BBCACD0048E0C4 /* Debug */,
				31612DB425BBCACD0048E0C4 /* Release */,
			);
			defaultConfigurationIsVisible = 0;
			defaultConfigurationName = Release;
		};
		31612DB525BBCACD0048E0C4 /* Build configuration list for PBXNativeTarget "YSVendorProject" */ = {
			isa = XCConfigurationList;
			buildConfigurations = (
				31612DB625BBCACD0048E0C4 /* Debug */,
				31612DB725BBCACD0048E0C4 /* Release */,
			);
			defaultConfigurationIsVisible = 0;
			defaultConfigurationName = Release;
		};
/* End XCConfigurationList section */
	};
	rootObject = 31612D9925BBCACC0048E0C4 /* Project object */;
}
